
Microsoft Visual Studio Solution File, Format Version 12.00
# Visual Studio Version 17
VisualStudioVersion = 17.8.34511.84
MinimumVisualStudioVersion = 10.0.40219.1
Project("{FAE04EC0-301F-11D3-BF4B-00C04F79EFBC}") = "DragDrop", "DragDrop.csproj", "{DFCA1225-8E45-40CF-BC8E-7703414C59A2}"
EndProject
Global
	GlobalSection(SolutionConfigurationPlatforms) = preSolution
		Debug|Any CPU = Debug|Any CPU
		Release|Any CPU = Release|Any CPU
	EndGlobalSection
	GlobalSection(ProjectConfigurationPlatforms) = postSolution
		{DFCA1225-8E45-40CF-BC8E-7703414C59A2}.Debug|Any CPU.ActiveCfg = Debug|Any CPU
		{DFCA1225-8E45-40CF-BC8E-7703414C59A2}.Debug|Any CPU.Build.0 = Debug|Any CPU
		{DFCA1225-8E45-40CF-BC8E-7703414C59A2}.Release|Any CPU.ActiveCfg = Release|Any CPU
		{DFCA1225-8E45-40CF-BC8E-7703414C59A2}.Release|Any CPU.Build.0 = Release|Any CPU
	EndGlobalSection
	GlobalSection(SolutionProperties) = preSolution
		HideSolutionNode = FALSE
	EndGlobalSection
	GlobalSection(ExtensibilityGlobals) = postSolution
		SolutionGuid = {2442ADF0-749F-45B7-939F-95ED1A51732C}
	EndGlobalSection
EndGlobal
